{
    "_readme": [
        "This file locks the dependencies of your project to a known state",
        "Read more about it at https://getcomposer.org/doc/01-basic-usage.md#installing-dependencies",
        "This file is @generated automatically"
    ],
    "content-hash": "9bc818ee839ab29ba395a75f6fde0c4f",
    "packages": [
        {
            "name": "php-standard-library/php-standard-library",
            "version": "6.1.1",
            "source": {
                "type": "git",
                "url": "https://github.com/php-standard-library/php-standard-library.git",
                "reference": "b7d151cb1c21589cdde17a6adff50d3375de0919"
            },
            "dist": {
                "type": "zip",
                "url": "https://api.github.com/repos/php-standard-library/php-standard-library/zipball/b7d151cb1c21589cdde17a6adff50d3375de0919",
                "reference": "b7d151cb1c21589cdde17a6adff50d3375de0919",
                "shasum": ""
            },
            "require": {
                "ext-bcmath": "*",
                "ext-intl": "*",
                "ext-json": "*",
                "ext-mbstring": "*",
                "ext-openssl": "*",
                "ext-sodium": "*",
                "php": "~8.4.0 || ~8.5.0",
                "revolt/event-loop": "^1.0.8"
            },
            "conflict": {
                "azjezz/psl": "*"
            },
            "replace": {
                "php-standard-library/ansi": "self.version",
                "php-standard-library/async": "self.version",
                "php-standard-library/binary": "self.version",
                "php-standard-library/cache": "self.version",
                "php-standard-library/channel": "self.version",
                "php-standard-library/cidr": "self.version",
                "php-standard-library/class": "self.version",
                "php-standard-library/collection": "self.version",
                "php-standard-library/comparison": "self.version",
                "php-standard-library/compression": "self.version",
                "php-standard-library/crypto": "self.version",
                "php-standard-library/data-structure": "self.version",
                "php-standard-library/date-time": "self.version",
                "php-standard-library/default": "self.version",
                "php-standard-library/dict": "self.version",
                "php-standard-library/either": "self.version",
                "php-standard-library/encoding": "self.version",
                "php-standard-library/env": "self.version",
                "php-standard-library/file": "self.version",
                "php-standard-library/filesystem": "self.version",
                "php-standard-library/foundation": "self.version",
                "php-standard-library/fun": "self.version",
                "php-standard-library/graph": "self.version",
                "php-standard-library/h2": "self.version",
                "php-standard-library/hash": "self.version",
                "php-standard-library/hpack": "self.version",
                "php-standard-library/html": "self.version",
                "php-standard-library/interface": "self.version",
                "php-standard-library/interoperability": "self.version",
                "php-standard-library/io": "self.version",
                "php-standard-library/ip": "self.version",
                "php-standard-library/iri": "self.version",
                "php-standard-library/iter": "self.version",
                "php-standard-library/json": "self.version",
                "php-standard-library/locale": "self.version",
                "php-standard-library/math": "self.version",
                "php-standard-library/network": "self.version",
                "php-standard-library/observer": "self.version",
                "php-standard-library/option": "self.version",
                "php-standard-library/os": "self.version",
                "php-standard-library/password": "self.version",
                "php-standard-library/process": "self.version",
                "php-standard-library/promise": "self.version",
                "php-standard-library/pseudo-random": "self.version",
                "php-standard-library/punycode": "self.version",
                "php-standard-library/random-sequence": "self.version",
                "php-standard-library/range": "self.version",
                "php-standard-library/regex": "self.version",
                "php-standard-library/result": "self.version",
                "php-standard-library/runtime": "self.version",
                "php-standard-library/secure-random": "self.version",
                "php-standard-library/shell": "self.version",
                "php-standard-library/socks": "self.version",
                "php-standard-library/str": "self.version",
                "php-standard-library/tcp": "self.version",
                "php-standard-library/terminal": "self.version",
                "php-standard-library/tls": "self.version",
                "php-standard-library/trait": "self.version",
                "php-standard-library/tree": "self.version",
                "php-standard-library/type": "self.version",
                "php-standard-library/udp": "self.version",
                "php-standard-library/unix": "self.version",
                "php-standard-library/uri": "self.version",
                "php-standard-library/url": "self.version",
                "php-standard-library/vec": "self.version"
            },
            "require-dev": {
                "carthage-software/mago": "^1.15.2",
                "ext-brotli": "*",
                "infection/infection": "^0.32.6",
                "php-coveralls/php-coveralls": "^2.9.1",
                "phpbench/phpbench": "^1.5.1",
                "phpunit/phpunit": "^13.0.5"
            },
            "suggest": {
                "php-standard-library/phpstan-extension": "PHPStan integration",
                "php-standard-library/psalm-plugin": "Psalm integration"
            },
            "type": "library",
            "extra": {
                "branch-alias": {
                    "dev-next": "6.1.x-dev"
                }
            },
            "autoload": {
                "files": [
                    "packages/foundation/src/Psl/bootstrap.php",
                    "packages/ansi/src/Psl/bootstrap.php",
                    "packages/async/src/Psl/bootstrap.php",
                    "packages/binary/src/Psl/bootstrap.php",
                    "packages/cache/src/Psl/bootstrap.php",
                    "packages/channel/src/Psl/bootstrap.php",
                    "packages/class/src/Psl/bootstrap.php",
                    "packages/comparison/src/Psl/bootstrap.php",
                    "packages/compression/src/Psl/bootstrap.php",
                    "packages/crypto/src/Psl/bootstrap.php",
                    "packages/date-time/src/Psl/bootstrap.php",
                    "packages/dict/src/Psl/bootstrap.php",
                    "packages/encoding/src/Psl/bootstrap.php",
                    "packages/env/src/Psl/bootstrap.php",
                    "packages/file/src/Psl/bootstrap.php",
                    "packages/filesystem/src/Psl/bootstrap.php",
                    "packages/fun/src/Psl/bootstrap.php",
                    "packages/graph/src/Psl/bootstrap.php",
                    "packages/h2/src/Psl/bootstrap.php",
                    "packages/hash/src/Psl/bootstrap.php",
                    "packages/hpack/src/Psl/bootstrap.php",
                    "packages/html/src/Psl/bootstrap.php",
                    "packages/interface/src/Psl/bootstrap.php",
                    "packages/io/src/Psl/bootstrap.php",
                    "packages/iter/src/Psl/bootstrap.php",
                    "packages/json/src/Psl/bootstrap.php",
                    "packages/math/src/Psl/bootstrap.php",
                    "packages/network/src/Psl/bootstrap.php",
                    "packages/option/src/Psl/bootstrap.php",
                    "packages/os/src/Psl/bootstrap.php",
                    "packages/password/src/Psl/bootstrap.php",
                    "packages/pseudo-random/src/Psl/bootstrap.php",
                    "packages/punycode/src/Psl/bootstrap.php",
                    "packages/range/src/Psl/bootstrap.php",
                    "packages/regex/src/Psl/bootstrap.php",
                    "packages/result/src/Psl/bootstrap.php",
                    "packages/runtime/src/Psl/bootstrap.php",
                    "packages/secure-random/src/Psl/bootstrap.php",
                    "packages/shell/src/Psl/bootstrap.php",
                    "packages/socks/src/Psl/bootstrap.php",
                    "packages/str/src/Psl/bootstrap.php",
                    "packages/tcp/src/Psl/bootstrap.php",
                    "packages/terminal/src/Psl/bootstrap.php",
                    "packages/tls/src/Psl/bootstrap.php",
                    "packages/trait/src/Psl/bootstrap.php",
                    "packages/tree/src/Psl/bootstrap.php",
                    "packages/type/src/Psl/bootstrap.php",
                    "packages/udp/src/Psl/bootstrap.php",
                    "packages/unix/src/Psl/bootstrap.php",
                    "packages/uri/src/Psl/bootstrap.php",
                    "packages/url/src/Psl/bootstrap.php",
                    "packages/iri/src/Psl/bootstrap.php",
                    "packages/vec/src/Psl/bootstrap.php"
                ],
                "psr-4": {
                    "Psl\\": "packages/foundation/src/Psl/",
                    "Psl\\H2\\": "packages/h2/src/Psl/H2/",
                    "Psl\\IO\\": "packages/io/src/Psl/IO/",
                    "Psl\\IP\\": "packages/ip/src/Psl/IP/",
                    "Psl\\OS\\": "packages/os/src/Psl/OS/",
                    "Psl\\Env\\": "packages/env/src/Psl/Env/",
                    "Psl\\Fun\\": "packages/fun/src/Psl/Fun/",
                    "Psl\\IRI\\": "packages/iri/src/Psl/IRI/",
                    "Psl\\Str\\": "packages/str/src/Psl/Str/",
                    "Psl\\TCP\\": "packages/tcp/src/Psl/TCP/",
                    "Psl\\TLS\\": "packages/tls/src/Psl/TLS/",
                    "Psl\\UDP\\": "packages/udp/src/Psl/UDP/",
                    "Psl\\URI\\": "packages/uri/src/Psl/URI/",
                    "Psl\\URL\\": "packages/url/src/Psl/URL/",
                    "Psl\\Vec\\": "packages/vec/src/Psl/Vec/",
                    "Psl\\Ansi\\": "packages/ansi/src/Psl/Ansi/",
                    "Psl\\CIDR\\": "packages/cidr/src/Psl/CIDR/",
                    "Psl\\Dict\\": "packages/dict/src/Psl/Dict/",
                    "Psl\\File\\": "packages/file/src/Psl/File/",
                    "Psl\\Hash\\": "packages/hash/src/Psl/Hash/",
                    "Psl\\Html\\": "packages/html/src/Psl/Html/",
                    "Psl\\Iter\\": "packages/iter/src/Psl/Iter/",
                    "Psl\\Json\\": "packages/json/src/Psl/Json/",
                    "Psl\\Math\\": "packages/math/src/Psl/Math/",
                    "Psl\\Tree\\": "packages/tree/src/Psl/Tree/",
                    "Psl\\Type\\": "packages/type/src/Psl/Type/",
                    "Psl\\Unix\\": "packages/unix/src/Psl/Unix/",
                    "Psl\\Async\\": "packages/async/src/Psl/Async/",
                    "Psl\\Cache\\": "packages/cache/src/Psl/Cache/",
                    "Psl\\Class\\": "packages/class/src/Psl/Class/",
                    "Psl\\Graph\\": "packages/graph/src/Psl/Graph/",
                    "Psl\\HPACK\\": "packages/hpack/src/Psl/HPACK/",
                    "Psl\\Range\\": "packages/range/src/Psl/Range/",
                    "Psl\\Regex\\": "packages/regex/src/Psl/Regex/",
                    "Psl\\Shell\\": "packages/shell/src/Psl/Shell/",
                    "Psl\\Socks\\": "packages/socks/src/Psl/Socks/",
                    "Psl\\Trait\\": "packages/trait/src/Psl/Trait/",
                    "Psl\\Binary\\": "packages/binary/src/Psl/Binary/",
                    "Psl\\Crypto\\": "packages/crypto/src/Psl/Crypto/",
                    "Psl\\Either\\": "packages/either/src/Psl/Either/",
                    "Psl\\Locale\\": "packages/locale/src/Psl/Locale/",
                    "Psl\\Option\\": "packages/option/src/Psl/Option/",
                    "Psl\\Result\\": "packages/result/src/Psl/Result/",
                    "Psl\\Channel\\": "packages/channel/src/Psl/Channel/",
                    "Psl\\Default\\": "packages/default/src/Psl/Default/",
                    "Psl\\Network\\": "packages/network/src/Psl/Network/",
                    "Psl\\Process\\": "packages/process/src/Psl/Process/",
                    "Psl\\Promise\\": "packages/promise/src/Psl/Promise/",
                    "Psl\\Runtime\\": "packages/runtime/src/Psl/Runtime/",
                    "Psl\\DateTime\\": "packages/date-time/src/Psl/DateTime/",
                    "Psl\\Encoding\\": "packages/encoding/src/Psl/Encoding/",
                    "Psl\\Observer\\": "packages/observer/src/Psl/Observer/",
                    "Psl\\Password\\": "packages/password/src/Psl/Password/",
                    "Psl\\Punycode\\": "packages/punycode/src/Psl/Punycode/",
                    "Psl\\Terminal\\": "packages/terminal/src/Psl/Terminal/",
                    "Psl\\Interface\\": "packages/interface/src/Psl/Interface/",
                    "Psl\\Collection\\": "packages/collection/src/Psl/Collection/",
                    "Psl\\Comparison\\": "packages/comparison/src/Psl/Comparison/",
                    "Psl\\Filesystem\\": "packages/filesystem/src/Psl/Filesystem/",
                    "Psl\\Compression\\": "packages/compression/src/Psl/Compression/",
                    "Psl\\PseudoRandom\\": "packages/pseudo-random/src/Psl/PseudoRandom/",
                    "Psl\\SecureRandom\\": "packages/secure-random/src/Psl/SecureRandom/",
                    "Psl\\DataStructure\\": "packages/data-structure/src/Psl/DataStructure/",
                    "Psl\\RandomSequence\\": "packages/random-sequence/src/Psl/RandomSequence/",
                    "Psl\\Interoperability\\": "packages/interoperability/src/Psl/Interoperability/"
                }
            },
            "notification-url": "https://packagist.org/downloads/",
            "license": [
                "MIT"
            ],
            "authors": [
                {
                    "name": "azjezz",
                    "email": "azjezz@protonmail.com"
                }
            ],
            "description": "PHP Standard Library",
            "support": {
                "issues": "https://github.com/php-standard-library/php-standard-library/issues",
                "source": "https://github.com/php-standard-library/php-standard-library/tree/6.1.1"
            },
            "funding": [
                {
                    "url": "https://github.com/azjezz",
                    "type": "github"
                },
                {
                    "url": "https://github.com/veewee",
                    "type": "github"
                }
            ],
            "time": "2026-03-20T08:09:20+00:00"
        },
        {
            "name": "revolt/event-loop",
            "version": "v1.0.8",
            "source": {
                "type": "git",
                "url": "https://github.com/revoltphp/event-loop.git",
                "reference": "b6fc06dce8e9b523c9946138fa5e62181934f91c"
            },
            "dist": {
                "type": "zip",
                "url": "https://api.github.com/repos/revoltphp/event-loop/zipball/b6fc06dce8e9b523c9946138fa5e62181934f91c",
                "reference": "b6fc06dce8e9b523c9946138fa5e62181934f91c",
                "shasum": ""
            },
            "require": {
                "php": ">=8.1"
            },
            "require-dev": {
                "ext-json": "*",
                "jetbrains/phpstorm-stubs": "^2019.3",
                "phpunit/phpunit": "^9",
                "psalm/phar": "^5.15"
            },
            "type": "library",
            "extra": {
                "branch-alias": {
                    "dev-main": "1.x-dev"
                }
            },
            "autoload": {
                "psr-4": {
                    "Revolt\\": "src"
                }
            },
            "notification-url": "https://packagist.org/downloads/",
            "license": [
                "MIT"
            ],
            "authors": [
                {
                    "name": "Aaron Piotrowski",
                    "email": "aaron@trowski.com"
                },
                {
                    "name": "Cees-Jan Kiewiet",
                    "email": "ceesjank@gmail.com"
                },
                {
                    "name": "Christian Lück",
                    "email": "christian@clue.engineering"
                },
                {
                    "name": "Niklas Keller",
                    "email": "me@kelunik.com"
                }
            ],
            "description": "Rock-solid event loop for concurrent PHP applications.",
            "keywords": [
                "async",
                "asynchronous",
                "concurrency",
                "event",
                "event-loop",
                "non-blocking",
                "scheduler"
            ],
            "support": {
                "issues": "https://github.com/revoltphp/event-loop/issues",
                "source": "https://github.com/revoltphp/event-loop/tree/v1.0.8"
            },
            "time": "2025-08-27T21:33:23+00:00"
        }
    ],
    "packages-dev": [
        {
            "name": "phpro/grumphp-shim",
            "version": "v2.19.0",
            "source": {
                "type": "git",
                "url": "https://github.com/phpro/grumphp-shim.git",
                "reference": "4d08e4ef6a6b6d6ba641bce52faabaa9f200201c"
            },
            "dist": {
                "type": "zip",
                "url": "https://api.github.com/repos/phpro/grumphp-shim/zipball/4d08e4ef6a6b6d6ba641bce52faabaa9f200201c",
                "reference": "4d08e4ef6a6b6d6ba641bce52faabaa9f200201c",
                "shasum": ""
            },
            "require": {
                "composer-plugin-api": "~2.0",
                "ext-json": "*",
                "php": "~8.2.0 || ~8.3.0 || ~8.4.0 || ~8.5.0"
            },
            "replace": {
                "phpro/grumphp": "self.version"
            },
            "require-dev": {
                "humbug/box": "^4.6"
            },
            "bin": [
                "grumphp",
                "grumphp.phar"
            ],
            "type": "composer-plugin",
            "extra": {
                "class": "GrumPHP\\Composer\\GrumPHPPlugin"
            },
            "autoload": {
                "psr-4": {
                    "GrumPHP\\": "src"
                }
            },
            "notification-url": "https://packagist.org/downloads/",
            "license": [
                "MIT"
            ],
            "authors": [
                {
                    "name": "Toon Verwerft",
                    "email": "toon.verwerft@phpro.be"
                },
                {
                    "name": "Community",
                    "homepage": "https://github.com/phpro/grumphp/graphs/contributors"
                }
            ],
            "description": "GrumPHP Phar distribution",
            "support": {
                "issues": "https://github.com/phpro/grumphp-shim/issues",
                "source": "https://github.com/phpro/grumphp-shim/tree/v2.19.0"
            },
            "time": "2026-02-03T06:29:24+00:00"
        }
    ],
    "aliases": [],
    "minimum-stability": "stable",
    "stability-flags": {},
    "prefer-stable": false,
    "prefer-lowest": false,
    "platform": {
        "php": ">=8.4"
    },
    "platform-dev": {},
    "plugin-api-version": "2.9.0"
}
