{
    "_readme": [
        "This file locks the dependencies of your project to a known state",
        "Read more about it at https://getcomposer.org/doc/01-basic-usage.md#installing-dependencies",
        "This file is @generated automatically"
    ],
    "content-hash": "1c963237052de67f5bb9a9050cd5b057",
    "packages": [
        {
            "name": "azjezz/psl",
            "version": "4.3.0",
            "source": {
                "type": "git",
                "url": "https://github.com/php-standard-library/php-standard-library.git",
                "reference": "74c95be0214eb7ea39146ed00ac4eb71b45d787b"
            },
            "dist": {
                "type": "zip",
                "url": "https://api.github.com/repos/php-standard-library/php-standard-library/zipball/74c95be0214eb7ea39146ed00ac4eb71b45d787b",
                "reference": "74c95be0214eb7ea39146ed00ac4eb71b45d787b",
                "shasum": ""
            },
            "require": {
                "ext-bcmath": "*",
                "ext-intl": "*",
                "ext-json": "*",
                "ext-mbstring": "*",
                "ext-sodium": "*",
                "php": "~8.3.0 || ~8.4.0 || ~8.5.0",
                "revolt/event-loop": "^1.0.7"
            },
            "require-dev": {
                "carthage-software/mago": "^1.6.0",
                "infection/infection": "^0.31.2",
                "php-coveralls/php-coveralls": "^2.7.0",
                "phpbench/phpbench": "^1.4.0",
                "phpunit/phpunit": "^9.6.22"
            },
            "suggest": {
                "php-standard-library/phpstan-extension": "PHPStan integration",
                "php-standard-library/psalm-plugin": "Psalm integration"
            },
            "type": "library",
            "extra": {
                "thanks": {
                    "url": "https://github.com/hhvm/hsl",
                    "name": "hhvm/hsl"
                }
            },
            "autoload": {
                "files": [
                    "src/bootstrap.php"
                ],
                "psr-4": {
                    "Psl\\": "src/Psl"
                }
            },
            "notification-url": "https://packagist.org/downloads/",
            "license": [
                "MIT"
            ],
            "authors": [
                {
                    "name": "azjezz",
                    "email": "azjezz@protonmail.com"
                }
            ],
            "description": "PHP Standard Library",
            "support": {
                "issues": "https://github.com/php-standard-library/php-standard-library/issues",
                "source": "https://github.com/php-standard-library/php-standard-library/tree/4.3.0"
            },
            "funding": [
                {
                    "url": "https://github.com/azjezz",
                    "type": "github"
                },
                {
                    "url": "https://github.com/veewee",
                    "type": "github"
                }
            ],
            "abandoned": "php-standard-library/php-standard-library",
            "time": "2026-02-24T01:58:53+00:00"
        },
        {
            "name": "revolt/event-loop",
            "version": "v1.0.8",
            "source": {
                "type": "git",
                "url": "https://github.com/revoltphp/event-loop.git",
                "reference": "b6fc06dce8e9b523c9946138fa5e62181934f91c"
            },
            "dist": {
                "type": "zip",
                "url": "https://api.github.com/repos/revoltphp/event-loop/zipball/b6fc06dce8e9b523c9946138fa5e62181934f91c",
                "reference": "b6fc06dce8e9b523c9946138fa5e62181934f91c",
                "shasum": ""
            },
            "require": {
                "php": ">=8.1"
            },
            "require-dev": {
                "ext-json": "*",
                "jetbrains/phpstorm-stubs": "^2019.3",
                "phpunit/phpunit": "^9",
                "psalm/phar": "^5.15"
            },
            "type": "library",
            "extra": {
                "branch-alias": {
                    "dev-main": "1.x-dev"
                }
            },
            "autoload": {
                "psr-4": {
                    "Revolt\\": "src"
                }
            },
            "notification-url": "https://packagist.org/downloads/",
            "license": [
                "MIT"
            ],
            "authors": [
                {
                    "name": "Aaron Piotrowski",
                    "email": "aaron@trowski.com"
                },
                {
                    "name": "Cees-Jan Kiewiet",
                    "email": "ceesjank@gmail.com"
                },
                {
                    "name": "Christian Lück",
                    "email": "christian@clue.engineering"
                },
                {
                    "name": "Niklas Keller",
                    "email": "me@kelunik.com"
                }
            ],
            "description": "Rock-solid event loop for concurrent PHP applications.",
            "keywords": [
                "async",
                "asynchronous",
                "concurrency",
                "event",
                "event-loop",
                "non-blocking",
                "scheduler"
            ],
            "support": {
                "issues": "https://github.com/revoltphp/event-loop/issues",
                "source": "https://github.com/revoltphp/event-loop/tree/v1.0.8"
            },
            "time": "2025-08-27T21:33:23+00:00"
        }
    ],
    "packages-dev": [
        {
            "name": "phpro/grumphp-shim",
            "version": "v2.19.0",
            "source": {
                "type": "git",
                "url": "https://github.com/phpro/grumphp-shim.git",
                "reference": "4d08e4ef6a6b6d6ba641bce52faabaa9f200201c"
            },
            "dist": {
                "type": "zip",
                "url": "https://api.github.com/repos/phpro/grumphp-shim/zipball/4d08e4ef6a6b6d6ba641bce52faabaa9f200201c",
                "reference": "4d08e4ef6a6b6d6ba641bce52faabaa9f200201c",
                "shasum": ""
            },
            "require": {
                "composer-plugin-api": "~2.0",
                "ext-json": "*",
                "php": "~8.2.0 || ~8.3.0 || ~8.4.0 || ~8.5.0"
            },
            "replace": {
                "phpro/grumphp": "self.version"
            },
            "require-dev": {
                "humbug/box": "^4.6"
            },
            "bin": [
                "grumphp",
                "grumphp.phar"
            ],
            "type": "composer-plugin",
            "extra": {
                "class": "GrumPHP\\Composer\\GrumPHPPlugin"
            },
            "autoload": {
                "psr-4": {
                    "GrumPHP\\": "src"
                }
            },
            "notification-url": "https://packagist.org/downloads/",
            "license": [
                "MIT"
            ],
            "authors": [
                {
                    "name": "Toon Verwerft",
                    "email": "toon.verwerft@phpro.be"
                },
                {
                    "name": "Community",
                    "homepage": "https://github.com/phpro/grumphp/graphs/contributors"
                }
            ],
            "description": "GrumPHP Phar distribution",
            "support": {
                "issues": "https://github.com/phpro/grumphp-shim/issues",
                "source": "https://github.com/phpro/grumphp-shim/tree/v2.19.0"
            },
            "time": "2026-02-03T06:29:24+00:00"
        },
        {
            "name": "phpstan/phpstan",
            "version": "2.1.42",
            "dist": {
                "type": "zip",
                "url": "https://api.github.com/repos/phpstan/phpstan/zipball/1279e1ce86ba768f0780c9d889852b4e02ff40d0",
                "reference": "1279e1ce86ba768f0780c9d889852b4e02ff40d0",
                "shasum": ""
            },
            "require": {
                "php": "^7.4|^8.0"
            },
            "conflict": {
                "phpstan/phpstan-shim": "*"
            },
            "bin": [
                "phpstan",
                "phpstan.phar"
            ],
            "type": "library",
            "autoload": {
                "files": [
                    "bootstrap.php"
                ]
            },
            "notification-url": "https://packagist.org/downloads/",
            "license": [
                "MIT"
            ],
            "description": "PHPStan - PHP Static Analysis Tool",
            "keywords": [
                "dev",
                "static analysis"
            ],
            "support": {
                "docs": "https://phpstan.org/user-guide/getting-started",
                "forum": "https://github.com/phpstan/phpstan/discussions",
                "issues": "https://github.com/phpstan/phpstan/issues",
                "security": "https://github.com/phpstan/phpstan/security/policy",
                "source": "https://github.com/phpstan/phpstan-src"
            },
            "funding": [
                {
                    "url": "https://github.com/ondrejmirtes",
                    "type": "github"
                },
                {
                    "url": "https://github.com/phpstan",
                    "type": "github"
                }
            ],
            "time": "2026-03-17T14:58:32+00:00"
        }
    ],
    "aliases": [],
    "minimum-stability": "stable",
    "stability-flags": {},
    "prefer-stable": false,
    "prefer-lowest": false,
    "platform": {
        "php": ">=8.3 <8.4"
    },
    "platform-dev": {},
    "plugin-api-version": "2.9.0"
}
